
Microsoft Visual Studio Solution File, Format Version 12.00
# Visual Studio 15
VisualStudioVersion = 15.0.28010.2050
MinimumVisualStudioVersion = 10.0.40219.1
Project("{FAE04EC0-301F-11D3-BF4B-00C04F79EFBC}") = "Aula 03 OO", "Aula 03 OO\Aula 03 OO.csproj", "{2839D339-0482-4675-B898-C983047C2EDA}"
EndProject
Global
	GlobalSection(SolutionConfigurationPlatforms) = preSolution
		Debug|Any CPU = Debug|Any CPU
		Release|Any CPU = Release|Any CPU
	EndGlobalSection
	GlobalSection(ProjectConfigurationPlatforms) = postSolution
		{2839D339-0482-4675-B898-C983047C2EDA}.Debug|Any CPU.ActiveCfg = Debug|Any CPU
		{2839D339-0482-4675-B898-C983047C2EDA}.Debug|Any CPU.Build.0 = Debug|Any CPU
		{2839D339-0482-4675-B898-C983047C2EDA}.Release|Any CPU.ActiveCfg = Release|Any CPU
		{2839D339-0482-4675-B898-C983047C2EDA}.Release|Any CPU.Build.0 = Release|Any CPU
	EndGlobalSection
	GlobalSection(SolutionProperties) = preSolution
		HideSolutionNode = FALSE
	EndGlobalSection
	GlobalSection(ExtensibilityGlobals) = postSolution
		SolutionGuid = {C6AD2193-0B68-4440-84BE-8C1A4055566D}
	EndGlobalSection
EndGlobal
